Microsoft Visual Studio Solution File, Format Version 11.00
# Visual Studio 2008

Project("{647F1868-E0D5-88E0-A22B-6B734F232203}") = "Fussy Sage", "Assembly-CSharp.csproj", "{D44322AF-4028-86BA-BF99-9F15FB713610}"
EndProject
Project("{647F1868-E0D5-88E0-A22B-6B734F232203}") = "Fussy Sage", "Assembly-CSharp-Editor.csproj", "{CD0F0E6E-0156-DFD4-E003-A750721B5F27}"
EndProject
Global
	GlobalSection(SolutionConfigurationPlatforms) = preSolution
		Debug|Any CPU = Debug|Any CPU
		Release|Any CPU = Release|Any CPU
	EndGlobalSection
	GlobalSection(ProjectConfigurationPlatforms) = postSolution
		{D44322AF-4028-86BA-BF99-9F15FB713610}.Debug|Any CPU.ActiveCfg = Debug|Any CPU
		{D44322AF-4028-86BA-BF99-9F15FB713610}.Debug|Any CPU.Build.0 = Debug|Any CPU
		{D44322AF-4028-86BA-BF99-9F15FB713610}.Release|Any CPU.ActiveCfg = Release|Any CPU
		{D44322AF-4028-86BA-BF99-9F15FB713610}.Release|Any CPU.Build.0 = Release|Any CPU
		{CD0F0E6E-0156-DFD4-E003-A750721B5F27}.Debug|Any CPU.ActiveCfg = Debug|Any CPU
		{CD0F0E6E-0156-DFD4-E003-A750721B5F27}.Debug|Any CPU.Build.0 = Debug|Any CPU
		{CD0F0E6E-0156-DFD4-E003-A750721B5F27}.Release|Any CPU.ActiveCfg = Release|Any CPU
		{CD0F0E6E-0156-DFD4-E003-A750721B5F27}.Release|Any CPU.Build.0 = Release|Any CPU
	EndGlobalSection
	GlobalSection(SolutionProperties) = preSolution
		HideSolutionNode = FALSE
	EndGlobalSection
	GlobalSection(MonoDevelopProperties) = preSolution
		StartupItem = Assembly-CSharp.csproj
	EndGlobalSection
EndGlobal
